
Microsoft Visual Studio Solution File, Format Version 12.00
# Visual Studio 15
VisualStudioVersion = 15.0.28010.2036
MinimumVisualStudioVersion = 10.0.40219.1
Project("{8BC9CEB8-8B4A-11D0-8D11-00A0C91BC942}") = "Aula0410", "Aula0410\Aula0410.vcxproj", "{005A45DE-4475-4C35-8D47-58F280C0EBA5}"
EndProject
Project("{8BC9CEB8-8B4A-11D0-8D11-00A0C91BC942}") = "Aula0910", "Aula0910\Aula0910.vcxproj", "{87FF8660-D610-441E-97C5-E234579911D8}"
EndProject
Project("{8BC9CEB8-8B4A-11D0-8D11-00A0C91BC942}") = "Aula1110_Funcoes", "Aula1110_Funcoes\Aula1110_Funcoes.vcxproj", "{8CE688AF-BF0D-4ECA-B215-99F039438A6F}"
EndProject
Global
	GlobalSection(SolutionConfigurationPlatforms) = preSolution
		Debug|x64 = Debug|x64
		Debug|x86 = Debug|x86
		Release|x64 = Release|x64
		Release|x86 = Release|x86
	EndGlobalSection
	GlobalSection(ProjectConfigurationPlatforms) = postSolution
		{005A45DE-4475-4C35-8D47-58F280C0EBA5}.Debug|x64.ActiveCfg = Debug|x64
		{005A45DE-4475-4C35-8D47-58F280C0EBA5}.Debug|x64.Build.0 = Debug|x64
		{005A45DE-4475-4C35-8D47-58F280C0EBA5}.Debug|x86.ActiveCfg = Debug|Win32
		{005A45DE-4475-4C35-8D47-58F280C0EBA5}.Debug|x86.Build.0 = Debug|Win32
		{005A45DE-4475-4C35-8D47-58F280C0EBA5}.Release|x64.ActiveCfg = Release|x64
		{005A45DE-4475-4C35-8D47-58F280C0EBA5}.Release|x64.Build.0 = Release|x64
		{005A45DE-4475-4C35-8D47-58F280C0EBA5}.Release|x86.ActiveCfg = Release|Win32
		{005A45DE-4475-4C35-8D47-58F280C0EBA5}.Release|x86.Build.0 = Release|Win32
		{87FF8660-D610-441E-97C5-E234579911D8}.Debug|x64.ActiveCfg = Debug|x64
		{87FF8660-D610-441E-97C5-E234579911D8}.Debug|x64.Build.0 = Debug|x64
		{87FF8660-D610-441E-97C5-E234579911D8}.Debug|x86.ActiveCfg = Debug|Win32
		{87FF8660-D610-441E-97C5-E234579911D8}.Debug|x86.Build.0 = Debug|Win32
		{87FF8660-D610-441E-97C5-E234579911D8}.Release|x64.ActiveCfg = Release|x64
		{87FF8660-D610-441E-97C5-E234579911D8}.Release|x64.Build.0 = Release|x64
		{87FF8660-D610-441E-97C5-E234579911D8}.Release|x86.ActiveCfg = Release|Win32
		{87FF8660-D610-441E-97C5-E234579911D8}.Release|x86.Build.0 = Release|Win32
		{8CE688AF-BF0D-4ECA-B215-99F039438A6F}.Debug|x64.ActiveCfg = Debug|x64
		{8CE688AF-BF0D-4ECA-B215-99F039438A6F}.Debug|x64.Build.0 = Debug|x64
		{8CE688AF-BF0D-4ECA-B215-99F039438A6F}.Debug|x86.ActiveCfg = Debug|Win32
		{8CE688AF-BF0D-4ECA-B215-99F039438A6F}.Debug|x86.Build.0 = Debug|Win32
		{8CE688AF-BF0D-4ECA-B215-99F039438A6F}.Release|x64.ActiveCfg = Release|x64
		{8CE688AF-BF0D-4ECA-B215-99F039438A6F}.Release|x64.Build.0 = Release|x64
		{8CE688AF-BF0D-4ECA-B215-99F039438A6F}.Release|x86.ActiveCfg = Release|Win32
		{8CE688AF-BF0D-4ECA-B215-99F039438A6F}.Release|x86.Build.0 = Release|Win32
	EndGlobalSection
	GlobalSection(SolutionProperties) = preSolution
		HideSolutionNode = FALSE
	EndGlobalSection
	GlobalSection(ExtensibilityGlobals) = postSolution
		SolutionGuid = {AE5BCA49-5E7E-4D45-94D4-6D14CF0F72B7}
	EndGlobalSection
EndGlobal
